
Microsoft Visual Studio Solution File, Format Version 12.00
# Visual Studio Version 17
VisualStudioVersion = 17.9.34728.123
MinimumVisualStudioVersion = 10.0.40219.1
Project("{9A19103F-16F7-4668-BE54-9A1E7A4F7556}") = "Sample-WebApi-For-Blazor", "Sample-WebApi-For-Blazort\Sample-WebApi-For-Blazor.csproj", "{80EEBE10-4982-4B0A-9E4B-D31F12C7A071}"
	ProjectSection(ProjectDependencies) = postProject
		{1DFE8F7C-5403-40A7-A252-12735BC27DA9} = {1DFE8F7C-5403-40A7-A252-12735BC27DA9}
		{875B157C-3F99-40C7-9063-CA133F8B889C} = {875B157C-3F99-40C7-9063-CA133F8B889C}
		{B82D0BD8-F9BB-4AAD-B51E-F47B06E2B20C} = {B82D0BD8-F9BB-4AAD-B51E-F47B06E2B20C}
	EndProjectSection
EndProject
Project("{2150E333-8FDC-42A3-9474-1A3956D46DE8}") = "1-Domain", "1-Domain", "{5B953901-F173-4168-84AB-4AD7A6F5BF9E}"
EndProject
Project("{2150E333-8FDC-42A3-9474-1A3956D46DE8}") = "2-Application", "2-Application", "{78F9E0EC-BC6D-4FDF-A680-AD0C3C26CF2B}"
EndProject
Project("{2150E333-8FDC-42A3-9474-1A3956D46DE8}") = "3-Infrastructure", "3-Infrastructure", "{BE770706-4D6B-41ED-8EFD-BE85D99D09CA}"
EndProject
Project("{2150E333-8FDC-42A3-9474-1A3956D46DE8}") = "4-Presentation", "4-Presentation", "{98CFE38B-32AF-4D33-A309-9B1E052B5508}"
EndProject
Project("{9A19103F-16F7-4668-BE54-9A1E7A4F7556}") = "Domain", "Domain\Domain.csproj", "{875B157C-3F99-40C7-9063-CA133F8B889C}"
EndProject
Project("{9A19103F-16F7-4668-BE54-9A1E7A4F7556}") = "Application", "Application\Application.csproj", "{1DFE8F7C-5403-40A7-A252-12735BC27DA9}"
EndProject
Project("{9A19103F-16F7-4668-BE54-9A1E7A4F7556}") = "Infrastructure", "Infrastructure\Infrastructure.csproj", "{B82D0BD8-F9BB-4AAD-B51E-F47B06E2B20C}"
EndProject
Project("{2150E333-8FDC-42A3-9474-1A3956D46DE8}") = "API", "API", "{297EDC74-5D04-4668-B2F3-19E3CD39865F}"
EndProject
Project("{2150E333-8FDC-42A3-9474-1A3956D46DE8}") = "Blazor", "Blazor", "{B6139BF2-9303-4C1D-9640-26F83D54F308}"
EndProject
Project("{9A19103F-16F7-4668-BE54-9A1E7A4F7556}") = "DanCode-Blazor", "DanCode-Blazor\DanCode-Blazor.csproj", "{DDABFB50-5076-4BB8-A390-080B54E33338}"
	ProjectSection(ProjectDependencies) = postProject
		{1DFE8F7C-5403-40A7-A252-12735BC27DA9} = {1DFE8F7C-5403-40A7-A252-12735BC27DA9}
		{80EEBE10-4982-4B0A-9E4B-D31F12C7A071} = {80EEBE10-4982-4B0A-9E4B-D31F12C7A071}
		{875B157C-3F99-40C7-9063-CA133F8B889C} = {875B157C-3F99-40C7-9063-CA133F8B889C}
		{B82D0BD8-F9BB-4AAD-B51E-F47B06E2B20C} = {B82D0BD8-F9BB-4AAD-B51E-F47B06E2B20C}
	EndProjectSection
EndProject
Global
	GlobalSection(SolutionConfigurationPlatforms) = preSolution
		Debug|Any CPU = Debug|Any CPU
		Release|Any CPU = Release|Any CPU
	EndGlobalSection
	GlobalSection(ProjectConfigurationPlatforms) = postSolution
		{80EEBE10-4982-4B0A-9E4B-D31F12C7A071}.Debug|Any CPU.ActiveCfg = Debug|Any CPU
		{80EEBE10-4982-4B0A-9E4B-D31F12C7A071}.Debug|Any CPU.Build.0 = Debug|Any CPU
		{80EEBE10-4982-4B0A-9E4B-D31F12C7A071}.Release|Any CPU.ActiveCfg = Release|Any CPU
		{80EEBE10-4982-4B0A-9E4B-D31F12C7A071}.Release|Any CPU.Build.0 = Release|Any CPU
		{875B157C-3F99-40C7-9063-CA133F8B889C}.Debug|Any CPU.ActiveCfg = Debug|Any CPU
		{875B157C-3F99-40C7-9063-CA133F8B889C}.Debug|Any CPU.Build.0 = Debug|Any CPU
		{875B157C-3F99-40C7-9063-CA133F8B889C}.Release|Any CPU.ActiveCfg = Release|Any CPU
		{875B157C-3F99-40C7-9063-CA133F8B889C}.Release|Any CPU.Build.0 = Release|Any CPU
		{1DFE8F7C-5403-40A7-A252-12735BC27DA9}.Debug|Any CPU.ActiveCfg = Debug|Any CPU
		{1DFE8F7C-5403-40A7-A252-12735BC27DA9}.Debug|Any CPU.Build.0 = Debug|Any CPU
		{1DFE8F7C-5403-40A7-A252-12735BC27DA9}.Release|Any CPU.ActiveCfg = Release|Any CPU
		{1DFE8F7C-5403-40A7-A252-12735BC27DA9}.Release|Any CPU.Build.0 = Release|Any CPU
		{B82D0BD8-F9BB-4AAD-B51E-F47B06E2B20C}.Debug|Any CPU.ActiveCfg = Debug|Any CPU
		{B82D0BD8-F9BB-4AAD-B51E-F47B06E2B20C}.Debug|Any CPU.Build.0 = Debug|Any CPU
		{B82D0BD8-F9BB-4AAD-B51E-F47B06E2B20C}.Release|Any CPU.ActiveCfg = Release|Any CPU
		{B82D0BD8-F9BB-4AAD-B51E-F47B06E2B20C}.Release|Any CPU.Build.0 = Release|Any CPU
		{DDABFB50-5076-4BB8-A390-080B54E33338}.Debug|Any CPU.ActiveCfg = Debug|Any CPU
		{DDABFB50-5076-4BB8-A390-080B54E33338}.Debug|Any CPU.Build.0 = Debug|Any CPU
		{DDABFB50-5076-4BB8-A390-080B54E33338}.Release|Any CPU.ActiveCfg = Release|Any CPU
		{DDABFB50-5076-4BB8-A390-080B54E33338}.Release|Any CPU.Build.0 = Release|Any CPU
	EndGlobalSection
	GlobalSection(SolutionProperties) = preSolution
		HideSolutionNode = FALSE
	EndGlobalSection
	GlobalSection(NestedProjects) = preSolution
		{80EEBE10-4982-4B0A-9E4B-D31F12C7A071} = {98CFE38B-32AF-4D33-A309-9B1E052B5508}
		{5B953901-F173-4168-84AB-4AD7A6F5BF9E} = {297EDC74-5D04-4668-B2F3-19E3CD39865F}
		{78F9E0EC-BC6D-4FDF-A680-AD0C3C26CF2B} = {297EDC74-5D04-4668-B2F3-19E3CD39865F}
		{BE770706-4D6B-41ED-8EFD-BE85D99D09CA} = {297EDC74-5D04-4668-B2F3-19E3CD39865F}
		{98CFE38B-32AF-4D33-A309-9B1E052B5508} = {297EDC74-5D04-4668-B2F3-19E3CD39865F}
		{875B157C-3F99-40C7-9063-CA133F8B889C} = {5B953901-F173-4168-84AB-4AD7A6F5BF9E}
		{1DFE8F7C-5403-40A7-A252-12735BC27DA9} = {78F9E0EC-BC6D-4FDF-A680-AD0C3C26CF2B}
		{B82D0BD8-F9BB-4AAD-B51E-F47B06E2B20C} = {BE770706-4D6B-41ED-8EFD-BE85D99D09CA}
		{DDABFB50-5076-4BB8-A390-080B54E33338} = {B6139BF2-9303-4C1D-9640-26F83D54F308}
	EndGlobalSection
	GlobalSection(ExtensibilityGlobals) = postSolution
		SolutionGuid = {C20A7AF4-A53C-4578-9ED2-24831B67D0DC}
	EndGlobalSection
EndGlobal
